// !$*UTF8*$!
{
	archiveVersion = 1;
	classes = {
	};
	objectVersion = 77;
	objects = {

/* Begin PBXContainerItemProxy section */
		AB5AFD592DCB078F00DE3664 /* PBXContainerItemProxy */ = {
			isa = PBXContainerItemProxy;
			containerPortal = AB5AFD402DCB078D00DE3664 /* Project object */;
			proxyType = 1;
			remoteGlobalIDString = AB5AFD472DCB078D00DE3664;
			remoteInfo = JPNPhrasebook;
		};
		AB5AFD632DCB078F00DE3664 /* PBXContainerItemProxy */ = {
			isa = PBXContainerItemProxy;
			containerPortal = AB5AFD402DCB078D00DE3664 /* Project object */;
			proxyType = 1;
			remoteGlobalIDString = AB5AFD472DCB078D00DE3664;
			remoteInfo = JPNPhrasebook;
		};
/* End PBXContainerItemProxy section */

/* Begin PBXFileReference section */
		AB5AFD482DCB078D00DE3664 /* JPNPhrasebook.app */ = {isa = PBXFileReference; explicitFileType = wrapper.application; includeInIndex = 0; path = JPNPhrasebook.app; sourceTree = BUILT_PRODUCTS_DIR; };
		AB5AFD582DCB078F00DE3664 /* JPNPhrasebookTests.xctest */ = {isa = PBXFileReference; explicitFileType = wrapper.cfbundle; includeInIndex = 0; path = JPNPhrasebookTests.xctest; sourceTree = BUILT_PRODUCTS_DIR; };
		AB5AFD622DCB078F00DE3664 /* JPNPhrasebookUITests.xctest */ = {isa = PBXFileReference; explicitFileType = wrapper.cfbundle; includeInIndex = 0; path = JPNPhrasebookUITests.xctest; sourceTree = BUILT_PRODUCTS_DIR; };
/* End PBXFileReference section */

/* Begin PBXFileSystemSynchronizedRootGroup section */
		AB5AFD4A2DCB078D00DE3664 /* JPNPhrasebook */ = {
			isa = PBXFileSystemSynchronizedRootGroup;
			path = JPNPhrasebook;
			sourceTree = "<group>";
		};
		AB5AFD5B2DCB078F00DE3664 /* JPNPhrasebookTests */ = {
			isa = PBXFileSystemSynchronizedRootGroup;
			path = JPNPhrasebookTests;
			sourceTree = "<group>";
		};
		AB5AFD652DCB078F00DE3664 /* JPNPhrasebookUITests */ = {
			isa = PBXFileSystemSynchronizedRootGroup;
			path = JPNPhrasebookUITests;
			sourceTree = "<group>";
		};
/* End PBXFileSystemSynchronizedRootGroup section */

/* Begin PBXFrameworksBuildPhase section */
		AB5AFD452DCB078D00DE3664 /* Frameworks */ = {
			isa = PBXFrameworksBuildPhase;
			buildActionMask = 2147483647;
			files = (
			);
			runOnlyForDeploymentPostprocessing = 0;
		};
		AB5AFD552DCB078F00DE3664 /* Frameworks */ = {
			isa = PBXFrameworksBuildPhase;
			buildActionMask = 2147483647;
			files = (
			);
			runOnlyForDeploymentPostprocessing = 0;
		};
		AB5AFD5F2DCB078F00DE3664 /* Frameworks */ = {
			isa = PBXFrameworksBuildPhase;
			buildActionMask = 2147483647;
			files = (
			);
			runOnlyForDeploymentPostprocessing = 0;
		};
/* End PBXFrameworksBuildPhase section */

/* Begin PBXGroup section */
		AB5AFD3F2DCB078D00DE3664 = {
			isa = PBXGroup;
			children = (
				AB5AFD4A2DCB078D00DE3664 /* JPNPhrasebook */,
				AB5AFD5B2DCB078F00DE3664 /* JPNPhrasebookTests */,
				AB5AFD652DCB078F00DE3664 /* JPNPhrasebookUITests */,
				AB5AFD492DCB078D00DE3664 /* Products */,
			);
			sourceTree = "<group>";
		};
		AB5AFD492DCB078D00DE3664 /* Products */ = {
			isa = PBXGroup;
			children = (
				AB5AFD482DCB078D00DE3664 /* JPNPhrasebook.app */,
				AB5AFD582DCB078F00DE3664 /* JPNPhrasebookTests.xctest */,
				AB5AFD622DCB078F00DE3664 /* JPNPhrasebookUITests.xctest */,
			);
			name = Products;
			sourceTree = "<group>";
		};
/* End PBXGroup section */

/* Begin PBXNativeTarget section */
		AB5AFD472DCB078D00DE3664 /* JPNPhrasebook */ = {
			isa = PBXNativeTarget;
			buildConfigurationList = AB5AFD6C2DCB078F00DE3664 /* Build configuration list for PBXNativeTarget "JPNPhrasebook" */;
			buildPhases = (
				AB5AFD442DCB078D00DE3664 /* Sources */,
				AB5AFD452DCB078D00DE3664 /* Frameworks */,
				AB5AFD462DCB078D00DE3664 /* Resources */,
			);
			buildRules = (
			);
			dependencies = (
			);
			fileSystemSynchronizedGroups = (
				AB5AFD4A2DCB078D00DE3664 /* JPNPhrasebook */,
			);
			name = JPNPhrasebook;
			packageProductDependencies = (
			);
			productName = JPNPhrasebook;
			productReference = AB5AFD482DCB078D00DE3664 /* JPNPhrasebook.app */;
			productType = "com.apple.product-type.application";
		};
		AB5AFD572DCB078F00DE3664 /* JPNPhrasebookTests */ = {
			isa = PBXNativeTarget;
			buildConfigurationList = AB5AFD6F2DCB078F00DE3664 /* Build configuration list for PBXNativeTarget "JPNPhrasebookTests" */;
			buildPhases = (
				AB5AFD542DCB078F00DE3664 /* Sources */,
				AB5AFD552DCB078F00DE3664 /* Frameworks */,
				AB5AFD562DCB078F00DE3664 /* Resources */,
			);
			buildRules = (
			);
			dependencies = (
				AB5AFD5A2DCB078F00DE3664 /* PBXTargetDependency */,
			);
			fileSystemSynchronizedGroups = (
				AB5AFD5B2DCB078F00DE3664 /* JPNPhrasebookTests */,
			);
			name = JPNPhrasebookTests;
			packageProductDependencies = (
			);
			productName = JPNPhrasebookTests;
			productReference = AB5AFD582DCB078F00DE3664 /* JPNPhrasebookTests.xctest */;
			productType = "com.apple.product-type.bundle.unit-test";
		};
		AB5AFD612DCB078F00DE3664 /* JPNPhrasebookUITests */ = {
			isa = PBXNativeTarget;
			buildConfigurationList = AB5AFD722DCB078F00DE3664 /* Build configuration list for PBXNativeTarget "JPNPhrasebookUITests" */;
			buildPhases = (
				AB5AFD5E2DCB078F00DE3664 /* Sources */,
				AB5AFD5F2DCB078F00DE3664 /* Frameworks */,
				AB5AFD602DCB078F00DE3664 /* Resources */,
			);
			buildRules = (
			);
			dependencies = (
				AB5AFD642DCB078F00DE3664 /* PBXTargetDependency */,
			);
			fileSystemSynchronizedGroups = (
				AB5AFD652DCB078F00DE3664 /* JPNPhrasebookUITests */,
			);
			name = JPNPhrasebookUITests;
			packageProductDependencies = (
			);
			productName = JPNPhrasebookUITests;
			productReference = AB5AFD622DCB078F00DE3664 /* JPNPhrasebookUITests.xctest */;
			productType = "com.apple.product-type.bundle.ui-testing";
		};
/* End PBXNativeTarget section */

/* Begin PBXProject section */
		AB5AFD402DCB078D00DE3664 /* Project object */ = {
			isa = PBXProject;
			attributes = {
				BuildIndependentTargetsInParallel = 1;
				LastSwiftUpdateCheck = 1620;
				LastUpgradeCheck = 1620;
				TargetAttributes = {
					AB5AFD472DCB078D00DE3664 = {
						CreatedOnToolsVersion = 16.2;
					};
					AB5AFD572DCB078F00DE3664 = {
						CreatedOnToolsVersion = 16.2;
						TestTargetID = AB5AFD472DCB078D00DE3664;
					};
					AB5AFD612DCB078F00DE3664 = {
						CreatedOnToolsVersion = 16.2;
						TestTargetID = AB5AFD472DCB078D00DE3664;
					};
				};
			};
			buildConfigurationList = AB5AFD432DCB078D00DE3664 /* Build configuration list for PBXProject "JPNPhrasebook" */;
			developmentRegion = en;
			hasScannedForEncodings = 0;
			knownRegions = (
				en,
				Base,
			);
			mainGroup = AB5AFD3F2DCB078D00DE3664;
			minimizedProjectReferenceProxies = 1;
			preferredProjectObjectVersion = 77;
			productRefGroup = AB5AFD492DCB078D00DE3664 /* Products */;
			projectDirPath = "";
			projectRoot = "";
			targets = (
				AB5AFD472DCB078D00DE3664 /* JPNPhrasebook */,
				AB5AFD572DCB078F00DE3664 /* JPNPhrasebookTests */,
				AB5AFD612DCB078F00DE3664 /* JPNPhrasebookUITests */,
			);
		};
/* End PBXProject section */

/* Begin PBXResourcesBuildPhase section */
		AB5AFD462DCB078D00DE3664 /* Resources */ = {
			isa = PBXResourcesBuildPhase;
			buildActionMask = 2147483647;
			files = (
			);
			runOnlyForDeploymentPostprocessing = 0;
		};
		AB5AFD562DCB078F00DE3664 /* Resources */ = {
			isa = PBXResourcesBuildPhase;
			buildActionMask = 2147483647;
			files = (
			);
			runOnlyForDeploymentPostprocessing = 0;
		};
		AB5AFD602DCB078F00DE3664 /* Resources */ = {
			isa = PBXResourcesBuildPhase;
			buildActionMask = 2147483647;
			files = (
			);
			runOnlyForDeploymentPostprocessing = 0;
		};
/* End PBXResourcesBuildPhase section */

/* Begin PBXSourcesBuildPhase section */
		AB5AFD442DCB078D00DE3664 /* Sources */ = {
			isa = PBXSourcesBuildPhase;
			buildActionMask = 2147483647;
			files = (
			);
			runOnlyForDeploymentPostprocessing = 0;
		};
		AB5AFD542DCB078F00DE3664 /* Sources */ = {
			isa = PBXSourcesBuildPhase;
			buildActionMask = 2147483647;
			files = (
			);
			runOnlyForDeploymentPostprocessing = 0;
		};
		AB5AFD5E2DCB078F00DE3664 /* Sources */ = {
			isa = PBXSourcesBuildPhase;
			buildActionMask = 2147483647;
			files = (
			);
			runOnlyForDeploymentPostprocessing = 0;
		};
/* End PBXSourcesBuildPhase section */

/* Begin PBXTargetDependency section */
		AB5AFD5A2DCB078F00DE3664 /* PBXTargetDependency */ = {
			isa = PBXTargetDependency;
			target = AB5AFD472DCB078D00DE3664 /* JPNPhrasebook */;
			targetProxy = AB5AFD592DCB078F00DE3664 /* PBXContainerItemProxy */;
		};
		AB5AFD642DCB078F00DE3664 /* PBXTargetDependency */ = {
			isa = PBXTargetDependency;
			target = AB5AFD472DCB078D00DE3664 /* JPNPhrasebook */;
			targetProxy = AB5AFD632DCB078F00DE3664 /* PBXContainerItemProxy */;
		};
/* End PBXTargetDependency section */

/* Begin XCBuildConfiguration section */
		AB5AFD6A2DCB078F00DE3664 /* Debug */ = {
			isa = XCBuildConfiguration;
			buildSettings = {
				ALWAYS_SEARCH_USER_PATHS = NO;
				ASSETCATALOG_COMPILER_GENERATE_SWIFT_ASSET_SYMBOL_EXTENSIONS = YES;
				CLANG_ANALYZER_NONNULL = YES;
				CLANG_ANALYZER_NUMBER_OBJECT_CONVERSION = YES_AGGRESSIVE;
				CLANG_CXX_LANGUAGE_STANDARD = "gnu++20";
				CLANG_ENABLE_MODULES = YES;
				CLANG_ENABLE_OBJC_ARC = YES;
				CLANG_ENABLE_OBJC_WEAK = YES;
				CLANG_WARN_BLOCK_CAPTURE_AUTORELEASING = YES;
				CLANG_WARN_BOOL_CONVERSION = YES;
				CLANG_WARN_COMMA = YES;
				CLANG_WARN_CONSTANT_CONVERSION = YES;
				CLANG_WARN_DEPRECATED_OBJC_IMPLEMENTATIONS = YES;
				CLANG_WARN_DIRECT_OBJC_ISA_USAGE = YES_ERROR;
				CLANG_WARN_DOCUMENTATION_COMMENTS = YES;
				CLANG_WARN_EMPTY_BODY = YES;
				CLANG_WARN_ENUM_CONVERSION = YES;
				CLANG_WARN_INFINITE_RECURSION = YES;
				CLANG_WARN_INT_CONVERSION = YES;
				CLANG_WARN_NON_LITERAL_NULL_CONVERSION = YES;
				CLANG_WARN_OBJC_IMPLICIT_RETAIN_SELF = YES;
				CLANG_WARN_OBJC_LITERAL_CONVERSION = YES;
				CLANG_WARN_OBJC_ROOT_CLASS = YES_ERROR;
				CLANG_WARN_QUOTED_INCLUDE_IN_FRAMEWORK_HEADER = YES;
				CLANG_WARN_RANGE_LOOP_ANALYSIS = YES;
				CLANG_WARN_STRICT_PROTOTYPES = YES;
				CLANG_WARN_SUSPICIOUS_MOVE = YES;
				CLANG_WARN_UNGUARDED_AVAILABILITY = YES_AGGRESSIVE;
				CLANG_WARN_UNREACHABLE_CODE = YES;
				CLANG_WARN__DUPLICATE_METHOD_MATCH = YES;
				COPY_PHASE_STRIP = NO;
				DEBUG_INFORMATION_FORMAT = dwarf;
				ENABLE_STRICT_OBJC_MSGSEND = YES;
				ENABLE_TESTABILITY = YES;
				ENABLE_USER_SCRIPT_SANDBOXING = YES;
				GCC_C_LANGUAGE_STANDARD = gnu17;
				GCC_DYNAMIC_NO_PIC = NO;
				GCC_NO_COMMON_BLOCKS = YES;
				GCC_OPTIMIZATION_LEVEL = 0;
				GCC_PREPROCESSOR_DEFINITIONS = (
					"DEBUG=1",
					"$(inherited)",
				);
				GCC_WARN_64_TO_32_BIT_CONVERSION = YES;
				GCC_WARN_ABOUT_RETURN_TYPE = YES_ERROR;
				GCC_WARN_UNDECLARED_SELECTOR = YES;
				GCC_WARN_UNINITIALIZED_AUTOS = YES_AGGRESSIVE;
				GCC_WARN_UNUSED_FUNCTION = YES;
				GCC_WARN_UNUSED_VARIABLE = YES;
				IPHONEOS_DEPLOYMENT_TARGET = 18.2;
				LOCALIZATION_PREFERS_STRING_CATALOGS = YES;
				MTL_ENABLE_DEBUG_INFO = INCLUDE_SOURCE;
				MTL_FAST_MATH = YES;
				ONLY_ACTIVE_ARCH = YES;
				SDKROOT = iphoneos;
				SWIFT_ACTIVE_COMPILATION_CONDITIONS = "DEBUG $(inherited)";
				SWIFT_OPTIMIZATION_LEVEL = "-Onone";
			};
			name = Debug;
		};
		AB5AFD6B2DCB078F00DE3664 /* Release */ = {
			isa = XCBuildConfiguration;
			buildSettings = {
				ALWAYS_SEARCH_USER_PATHS = NO;
				ASSETCATALOG_COMPILER_GENERATE_SWIFT_ASSET_SYMBOL_EXTENSIONS = YES;
				CLANG_ANALYZER_NONNULL = YES;
				CLANG_ANALYZER_NUMBER_OBJECT_CONVERSION = YES_AGGRESSIVE;
				CLANG_CXX_LANGUAGE_STANDARD = "gnu++20";
				CLANG_ENABLE_MODULES = YES;
				CLANG_ENABLE_OBJC_ARC = YES;
				CLANG_ENABLE_OBJC_WEAK = YES;
				CLANG_WARN_BLOCK_CAPTURE_AUTORELEASING = YES;
				CLANG_WARN_BOOL_CONVERSION = YES;
				CLANG_WARN_COMMA = YES;
				CLANG_WARN_CONSTANT_CONVERSION = YES;
				CLANG_WARN_DEPRECATED_OBJC_IMPLEMENTATIONS = YES;
				CLANG_WARN_DIRECT_OBJC_ISA_USAGE = YES_ERROR;
				CLANG_WARN_DOCUMENTATION_COMMENTS = YES;
				CLANG_WARN_EMPTY_BODY = YES;
				CLANG_WARN_ENUM_CONVERSION = YES;
				CLANG_WARN_INFINITE_RECURSION = YES;
				CLANG_WARN_INT_CONVERSION = YES;
				CLANG_WARN_NON_LITERAL_NULL_CONVERSION = YES;
				CLANG_WARN_OBJC_IMPLICIT_RETAIN_SELF = YES;
				CLANG_WARN_OBJC_LITERAL_CONVERSION = YES;
				CLANG_WARN_OBJC_ROOT_CLASS = YES_ERROR;
				CLANG_WARN_QUOTED_INCLUDE_IN_FRAMEWORK_HEADER = YES;
				CLANG_WARN_RANGE_LOOP_ANALYSIS = YES;
				CLANG_WARN_STRICT_PROTOTYPES = YES;
				CLANG_WARN_SUSPICIOUS_MOVE = YES;
				CLANG_WARN_UNGUARDED_AVAILABILITY = YES_AGGRESSIVE;
				CLANG_WARN_UNREACHABLE_CODE = YES;
				CLANG_WARN__DUPLICATE_METHOD_MATCH = YES;
				COPY_PHASE_STRIP = NO;
				DEBUG_INFORMATION_FORMAT = "dwarf-with-dsym";
				ENABLE_NS_ASSERTIONS = NO;
				ENABLE_STRICT_OBJC_MSGSEND = YES;
				ENABLE_USER_SCRIPT_SANDBOXING = YES;
				GCC_C_LANGUAGE_STANDARD = gnu17;
				GCC_NO_COMMON_BLOCKS = YES;
				GCC_WARN_64_TO_32_BIT_CONVERSION = YES;
				GCC_WARN_ABOUT_RETURN_TYPE = YES_ERROR;
				GCC_WARN_UNDECLARED_SELECTOR = YES;
				GCC_WARN_UNINITIALIZED_AUTOS = YES_AGGRESSIVE;
				GCC_WARN_UNUSED_FUNCTION = YES;
				GCC_WARN_UNUSED_VARIABLE = YES;
				IPHONEOS_DEPLOYMENT_TARGET = 18.2;
				LOCALIZATION_PREFERS_STRING_CATALOGS = YES;
				MTL_ENABLE_DEBUG_INFO = NO;
				MTL_FAST_MATH = YES;
				SDKROOT = iphoneos;
				SWIFT_COMPILATION_MODE = wholemodule;
				VALIDATE_PRODUCT = YES;
			};
			name = Release;
		};
		AB5AFD6D2DCB078F00DE3664 /* Debug */ = {
			isa = XCBuildConfiguration;
			buildSettings = {
				ASSETCATALOG_COMPILER_APPICON_NAME = AppIcon;
				ASSETCATALOG_COMPILER_GLOBAL_ACCENT_COLOR_NAME = AccentColor;
				CODE_SIGN_STYLE = Automatic;
				CURRENT_PROJECT_VERSION = 1;
				DEVELOPMENT_ASSET_PATHS = "\"JPNPhrasebook/Preview Content\"";
				DEVELOPMENT_TEAM = JH5HRRGFQZ;
				ENABLE_PREVIEWS = YES;
				GENERATE_INFOPLIST_FILE = YES;
				INFOPLIST_KEY_UIApplicationSceneManifest_Generation = YES;
				INFOPLIST_KEY_UIApplicationSupportsIndirectInputEvents = YES;
				INFOPLIST_KEY_UILaunchScreen_Generation = YES;
				INFOPLIST_KEY_UISupportedInterfaceOrientations_iPad = "UIInterfaceOrientationPortrait UIInterfaceOrientationPortraitUpsideDown UIInterfaceOrientationLandscapeLeft UIInterfaceOrientationLandscapeRight";
				INFOPLIST_KEY_UISupportedInterfaceOrientations_iPhone = "UIInterfaceOrientationPortrait UIInterfaceOrientationLandscapeLeft UIInterfaceOrientationLandscapeRight";
				LD_RUNPATH_SEARCH_PATHS = (
					"$(inherited)",
					"@executable_path/Frameworks",
				);
				MARKETING_VERSION = 1.0;
				PRODUCT_BUNDLE_IDENTIFIER = com.kellieho.JPNPhrasebook;
				PRODUCT_NAME = "$(TARGET_NAME)";
				SWIFT_EMIT_LOC_STRINGS = YES;
				SWIFT_VERSION = 5.0;
				TARGETED_DEVICE_FAMILY = "1,2";
			};
			name = Debug;
		};
		AB5AFD6E2DCB078F00DE3664 /* Release */ = {
			isa = XCBuildConfiguration;
			buildSettings = {
				ASSETCATALOG_COMPILER_APPICON_NAME = AppIcon;
				ASSETCATALOG_COMPILER_GLOBAL_ACCENT_COLOR_NAME = AccentColor;
				CODE_SIGN_STYLE = Automatic;
				CURRENT_PROJECT_VERSION = 1;
				DEVELOPMENT_ASSET_PATHS = "\"JPNPhrasebook/Preview Content\"";
				DEVELOPMENT_TEAM = JH5HRRGFQZ;
				ENABLE_PREVIEWS = YES;
				GENERATE_INFOPLIST_FILE = YES;
				INFOPLIST_KEY_UIApplicationSceneManifest_Generation = YES;
				INFOPLIST_KEY_UIApplicationSupportsIndirectInputEvents = YES;
				INFOPLIST_KEY_UILaunchScreen_Generation = YES;
				INFOPLIST_KEY_UISupportedInterfaceOrientations_iPad = "UIInterfaceOrientationPortrait UIInterfaceOrientationPortraitUpsideDown UIInterfaceOrientationLandscapeLeft UIInterfaceOrientationLandscapeRight";
				INFOPLIST_KEY_UISupportedInterfaceOrientations_iPhone = "UIInterfaceOrientationPortrait UIInterfaceOrientationLandscapeLeft UIInterfaceOrientationLandscapeRight";
				LD_RUNPATH_SEARCH_PATHS = (
					"$(inherited)",
					"@executable_path/Frameworks",
				);
				MARKETING_VERSION = 1.0;
				PRODUCT_BUNDLE_IDENTIFIER = com.kellieho.JPNPhrasebook;
				PRODUCT_NAME = "$(TARGET_NAME)";
				SWIFT_EMIT_LOC_STRINGS = YES;
				SWIFT_VERSION = 5.0;
				TARGETED_DEVICE_FAMILY = "1,2";
			};
			name = Release;
		};
		AB5AFD702DCB078F00DE3664 /* Debug */ = {
			isa = XCBuildConfiguration;
			buildSettings = {
				BUNDLE_LOADER = "$(TEST_HOST)";
				CODE_SIGN_STYLE = Automatic;
				CURRENT_PROJECT_VERSION = 1;
				DEVELOPMENT_TEAM = JH5HRRGFQZ;
				GENERATE_INFOPLIST_FILE = YES;
				IPHONEOS_DEPLOYMENT_TARGET = 18.2;
				MARKETING_VERSION = 1.0;
				PRODUCT_BUNDLE_IDENTIFIER = com.kellieho.JPNPhrasebookTests;
				PRODUCT_NAME = "$(TARGET_NAME)";
				SWIFT_EMIT_LOC_STRINGS = NO;
				SWIFT_VERSION = 5.0;
				TARGETED_DEVICE_FAMILY = "1,2";
				TEST_HOST = "$(BUILT_PRODUCTS_DIR)/JPNPhrasebook.app/$(BUNDLE_EXECUTABLE_FOLDER_PATH)/JPNPhrasebook";
			};
			name = Debug;
		};
		AB5AFD712DCB078F00DE3664 /* Release */ = {
			isa = XCBuildConfiguration;
			buildSettings = {
				BUNDLE_LOADER = "$(TEST_HOST)";
				CODE_SIGN_STYLE = Automatic;
				CURRENT_PROJECT_VERSION = 1;
				DEVELOPMENT_TEAM = JH5HRRGFQZ;
				GENERATE_INFOPLIST_FILE = YES;
				IPHONEOS_DEPLOYMENT_TARGET = 18.2;
				MARKETING_VERSION = 1.0;
				PRODUCT_BUNDLE_IDENTIFIER = com.kellieho.JPNPhrasebookTests;
				PRODUCT_NAME = "$(TARGET_NAME)";
				SWIFT_EMIT_LOC_STRINGS = NO;
				SWIFT_VERSION = 5.0;
				TARGETED_DEVICE_FAMILY = "1,2";
				TEST_HOST = "$(BUILT_PRODUCTS_DIR)/JPNPhrasebook.app/$(BUNDLE_EXECUTABLE_FOLDER_PATH)/JPNPhrasebook";
			};
			name = Release;
		};
		AB5AFD732DCB078F00DE3664 /* Debug */ = {
			isa = XCBuildConfiguration;
			buildSettings = {
				CODE_SIGN_STYLE = Automatic;
				CURRENT_PROJECT_VERSION = 1;
				DEVELOPMENT_TEAM = JH5HRRGFQZ;
				GENERATE_INFOPLIST_FILE = YES;
				MARKETING_VERSION = 1.0;
				PRODUCT_BUNDLE_IDENTIFIER = com.kellieho.JPNPhrasebookUITests;
				PRODUCT_NAME = "$(TARGET_NAME)";
				SWIFT_EMIT_LOC_STRINGS = NO;
				SWIFT_VERSION = 5.0;
				TARGETED_DEVICE_FAMILY = "1,2";
				TEST_TARGET_NAME = JPNPhrasebook;
			};
			name = Debug;
		};
		AB5AFD742DCB078F00DE3664 /* Release */ = {
			isa = XCBuildConfiguration;
			buildSettings = {
				CODE_SIGN_STYLE = Automatic;
				CURRENT_PROJECT_VERSION = 1;
				DEVELOPMENT_TEAM = JH5HRRGFQZ;
				GENERATE_INFOPLIST_FILE = YES;
				MARKETING_VERSION = 1.0;
				PRODUCT_BUNDLE_IDENTIFIER = com.kellieho.JPNPhrasebookUITests;
				PRODUCT_NAME = "$(TARGET_NAME)";
				SWIFT_EMIT_LOC_STRINGS = NO;
				SWIFT_VERSION = 5.0;
				TARGETED_DEVICE_FAMILY = "1,2";
				TEST_TARGET_NAME = JPNPhrasebook;
			};
			name = Release;
		};
/* End XCBuildConfiguration section */

/* Begin XCConfigurationList section */
		AB5AFD432DCB078D00DE3664 /* Build configuration list for PBXProject "JPNPhrasebook" */ = {
			isa = XCConfigurationList;
			buildConfigurations = (
				AB5AFD6A2DCB078F00DE3664 /* Debug */,
				AB5AFD6B2DCB078F00DE3664 /* Release */,
			);
			defaultConfigurationIsVisible = 0;
			defaultConfigurationName = Release;
		};
		AB5AFD6C2DCB078F00DE3664 /* Build configuration list for PBXNativeTarget "JPNPhrasebook" */ = {
			isa = XCConfigurationList;
			buildConfigurations = (
				AB5AFD6D2DCB078F00DE3664 /* Debug */,
				AB5AFD6E2DCB078F00DE3664 /* Release */,
			);
			defaultConfigurationIsVisible = 0;
			defaultConfigurationName = Release;
		};
		AB5AFD6F2DCB078F00DE3664 /* Build configuration list for PBXNativeTarget "JPNPhrasebookTests" */ = {
			isa = XCConfigurationList;
			buildConfigurations = (
				AB5AFD702DCB078F00DE3664 /* Debug */,
				AB5AFD712DCB078F00DE3664 /* Release */,
			);
			defaultConfigurationIsVisible = 0;
			defaultConfigurationName = Release;
		};
		AB5AFD722DCB078F00DE3664 /* Build configuration list for PBXNativeTarget "JPNPhrasebookUITests" */ = {
			isa = XCConfigurationList;
			buildConfigurations = (
				AB5AFD732DCB078F00DE3664 /* Debug */,
				AB5AFD742DCB078F00DE3664 /* Release */,
			);
			defaultConfigurationIsVisible = 0;
			defaultConfigurationName = Release;
		};
/* End XCConfigurationList section */
	};
	rootObject = AB5AFD402DCB078D00DE3664 /* Project object */;
}
